Microsoft Visual Studio Solution File, Format Version 12.00
# Visual Studio Version 17
VisualStudioVersion = 17.5.2.0
MinimumVisualStudioVersion = 10.0.40219.1
Project("{FAE04EC0-301F-11D3-BF4B-00C04F79EFBC}") = "learnc#", "learnc#.csproj", "{5AAE6F3F-9400-4C72-D319-48F6705C5CE5}"
EndProject
Global
	GlobalSection(SolutionConfigurationPlatforms) = preSolution
		Debug|Any CPU = Debug|Any CPU
		Release|Any CPU = Release|Any CPU
	EndGlobalSection
	GlobalSection(ProjectConfigurationPlatforms) = postSolution
		{5AAE6F3F-9400-4C72-D319-48F6705C5CE5}.Debug|Any CPU.ActiveCfg = Debug|Any CPU
		{5AAE6F3F-9400-4C72-D319-48F6705C5CE5}.Debug|Any CPU.Build.0 = Debug|Any CPU
		{5AAE6F3F-9400-4C72-D319-48F6705C5CE5}.Release|Any CPU.ActiveCfg = Release|Any CPU
		{5AAE6F3F-9400-4C72-D319-48F6705C5CE5}.Release|Any CPU.Build.0 = Release|Any CPU
	EndGlobalSection
	GlobalSection(SolutionProperties) = preSolution
		HideSolutionNode = FALSE
	EndGlobalSection
	GlobalSection(ExtensibilityGlobals) = postSolution
		SolutionGuid = {1A7BE591-C4E6-4A3C-98FF-EE97BF1688C5}
	EndGlobalSection
EndGlobal
